
Microsoft Visual Studio Solution File, Format Version 12.00
# Visual Studio Version 17
VisualStudioVersion = 17.4.33122.133
MinimumVisualStudioVersion = 10.0.40219.1
Project("{9A19103F-16F7-4668-BE54-9A1E7A4F7556}") = "School.API", "School.API\School.API.csproj", "{ED2D6F2C-1BEC-4AD1-AEEA-007125CA57C6}"
EndProject
Project("{FAE04EC0-301F-11D3-BF4B-00C04F79EFBC}") = "School.Data", "School.Data\School.Data.csproj", "{960D6F0E-86B5-4EF2-877F-99434B08A7F7}"
EndProject
Global
	GlobalSection(SolutionConfigurationPlatforms) = preSolution
		Debug|Any CPU = Debug|Any CPU
		Release|Any CPU = Release|Any CPU
	EndGlobalSection
	GlobalSection(ProjectConfigurationPlatforms) = postSolution
		{ED2D6F2C-1BEC-4AD1-AEEA-007125CA57C6}.Debug|Any CPU.ActiveCfg = Debug|Any CPU
		{ED2D6F2C-1BEC-4AD1-AEEA-007125CA57C6}.Debug|Any CPU.Build.0 = Debug|Any CPU
		{ED2D6F2C-1BEC-4AD1-AEEA-007125CA57C6}.Release|Any CPU.ActiveCfg = Release|Any CPU
		{ED2D6F2C-1BEC-4AD1-AEEA-007125CA57C6}.Release|Any CPU.Build.0 = Release|Any CPU
		{960D6F0E-86B5-4EF2-877F-99434B08A7F7}.Debug|Any CPU.ActiveCfg = Debug|Any CPU
		{960D6F0E-86B5-4EF2-877F-99434B08A7F7}.Debug|Any CPU.Build.0 = Debug|Any CPU
		{960D6F0E-86B5-4EF2-877F-99434B08A7F7}.Release|Any CPU.ActiveCfg = Release|Any CPU
		{960D6F0E-86B5-4EF2-877F-99434B08A7F7}.Release|Any CPU.Build.0 = Release|Any CPU
	EndGlobalSection
	GlobalSection(SolutionProperties) = preSolution
		HideSolutionNode = FALSE
	EndGlobalSection
	GlobalSection(ExtensibilityGlobals) = postSolution
		SolutionGuid = {86279428-845B-4EF4-963A-1EDD6773CCDF}
	EndGlobalSection
EndGlobal
