
Microsoft Visual Studio Solution File, Format Version 12.00
# Visual Studio Version 17
VisualStudioVersion = 17.4.33122.133
MinimumVisualStudioVersion = 10.0.40219.1
Project("{9A19103F-16F7-4668-BE54-9A1E7A4F7556}") = "School.API", "School.API\School.API.csproj", "{ED2D6F2C-1BEC-4AD1-AEEA-007125CA57C6}"
EndProject
Project("{9A19103F-16F7-4668-BE54-9A1E7A4F7556}") = "School.Data", "School.Data\School.Data.csproj", "{960D6F0E-86B5-4EF2-877F-99434B08A7F7}"
EndProject
Project("{9A19103F-16F7-4668-BE54-9A1E7A4F7556}") = "School.ApplicationCore", "School.ApplicationCore\School.ApplicationCore.csproj", "{80B53594-A88A-4CCB-9DAA-BF5F6E70D391}"
EndProject
Project("{9A19103F-16F7-4668-BE54-9A1E7A4F7556}") = "School.Persistence", "School.Persistence\School.Persistence.csproj", "{61F676D5-3493-46AE-8092-E459DBB0E5D1}"
EndProject
Project("{2150E333-8FDC-42A3-9474-1A3956D46DE8}") = "Solution Items", "Solution Items", "{2BB11578-FC09-4E62-BD27-BDA8C40D0EA8}"
	ProjectSection(SolutionItems) = preProject
		..\README.md = ..\README.md
	EndProjectSection
EndProject
Global
	GlobalSection(SolutionConfigurationPlatforms) = preSolution
		Debug|Any CPU = Debug|Any CPU
		Release|Any CPU = Release|Any CPU
	EndGlobalSection
	GlobalSection(ProjectConfigurationPlatforms) = postSolution
		{ED2D6F2C-1BEC-4AD1-AEEA-007125CA57C6}.Debug|Any CPU.ActiveCfg = Debug|Any CPU
		{ED2D6F2C-1BEC-4AD1-AEEA-007125CA57C6}.Debug|Any CPU.Build.0 = Debug|Any CPU
		{ED2D6F2C-1BEC-4AD1-AEEA-007125CA57C6}.Release|Any CPU.ActiveCfg = Release|Any CPU
		{ED2D6F2C-1BEC-4AD1-AEEA-007125CA57C6}.Release|Any CPU.Build.0 = Release|Any CPU
		{960D6F0E-86B5-4EF2-877F-99434B08A7F7}.Debug|Any CPU.ActiveCfg = Debug|Any CPU
		{960D6F0E-86B5-4EF2-877F-99434B08A7F7}.Debug|Any CPU.Build.0 = Debug|Any CPU
		{960D6F0E-86B5-4EF2-877F-99434B08A7F7}.Release|Any CPU.ActiveCfg = Release|Any CPU
		{960D6F0E-86B5-4EF2-877F-99434B08A7F7}.Release|Any CPU.Build.0 = Release|Any CPU
		{80B53594-A88A-4CCB-9DAA-BF5F6E70D391}.Debug|Any CPU.ActiveCfg = Debug|Any CPU
		{80B53594-A88A-4CCB-9DAA-BF5F6E70D391}.Debug|Any CPU.Build.0 = Debug|Any CPU
		{80B53594-A88A-4CCB-9DAA-BF5F6E70D391}.Release|Any CPU.ActiveCfg = Release|Any CPU
		{80B53594-A88A-4CCB-9DAA-BF5F6E70D391}.Release|Any CPU.Build.0 = Release|Any CPU
		{61F676D5-3493-46AE-8092-E459DBB0E5D1}.Debug|Any CPU.ActiveCfg = Debug|Any CPU
		{61F676D5-3493-46AE-8092-E459DBB0E5D1}.Debug|Any CPU.Build.0 = Debug|Any CPU
		{61F676D5-3493-46AE-8092-E459DBB0E5D1}.Release|Any CPU.ActiveCfg = Release|Any CPU
		{61F676D5-3493-46AE-8092-E459DBB0E5D1}.Release|Any CPU.Build.0 = Release|Any CPU
	EndGlobalSection
	GlobalSection(SolutionProperties) = preSolution
		HideSolutionNode = FALSE
	EndGlobalSection
	GlobalSection(ExtensibilityGlobals) = postSolution
		SolutionGuid = {86279428-845B-4EF4-963A-1EDD6773CCDF}
	EndGlobalSection
EndGlobal
