
Microsoft Visual Studio Solution File, Format Version 12.00
# Visual Studio Version 17
VisualStudioVersion = 17.7.33808.371
MinimumVisualStudioVersion = 10.0.40219.1
Project("{FAE04EC0-301F-11D3-BF4B-00C04F79EFBC}") = "Sample1", "Sample1\Sample1.csproj", "{A6775B3E-D553-4943-A075-82C45F90D13B}"
EndProject
Global
	GlobalSection(SolutionConfigurationPlatforms) = preSolution
		Debug|Any CPU = Debug|Any CPU
		Release|Any CPU = Release|Any CPU
	EndGlobalSection
	GlobalSection(ProjectConfigurationPlatforms) = postSolution
		{A6775B3E-D553-4943-A075-82C45F90D13B}.Debug|Any CPU.ActiveCfg = Debug|Any CPU
		{A6775B3E-D553-4943-A075-82C45F90D13B}.Debug|Any CPU.Build.0 = Debug|Any CPU
		{A6775B3E-D553-4943-A075-82C45F90D13B}.Release|Any CPU.ActiveCfg = Release|Any CPU
		{A6775B3E-D553-4943-A075-82C45F90D13B}.Release|Any CPU.Build.0 = Release|Any CPU
	EndGlobalSection
	GlobalSection(SolutionProperties) = preSolution
		HideSolutionNode = FALSE
	EndGlobalSection
	GlobalSection(ExtensibilityGlobals) = postSolution
		SolutionGuid = {149115D3-88EB-43C0-B42E-ECE56AD9D8D0}
	EndGlobalSection
EndGlobal
